
Microsoft Visual Studio Solution File, Format Version 12.00
# Visual Studio Version 17
VisualStudioVersion = 17.0.32112.339
MinimumVisualStudioVersion = 10.0.40219.1
Project("{9A19103F-16F7-4668-BE54-9A1E7A4F7556}") = "JiuLing.ExcelExport", "src\JiuLing.ExcelExport\JiuLing.ExcelExport.csproj", "{32AF8B9C-A3CC-4264-90B7-67B9BE6F943D}"
EndProject
Project("{9A19103F-16F7-4668-BE54-9A1E7A4F7556}") = "JiuLing.ExcelExport.Test", "test\JiuLing.ExcelExport.Test\JiuLing.ExcelExport.Test.csproj", "{5BE4E850-84E3-4596-BFB7-9E04F17BCE91}"
EndProject
Global
	GlobalSection(SolutionConfigurationPlatforms) = preSolution
		Debug|Any CPU = Debug|Any CPU
		Release|Any CPU = Release|Any CPU
	EndGlobalSection
	GlobalSection(ProjectConfigurationPlatforms) = postSolution
		{32AF8B9C-A3CC-4264-90B7-67B9BE6F943D}.Debug|Any CPU.ActiveCfg = Debug|Any CPU
		{32AF8B9C-A3CC-4264-90B7-67B9BE6F943D}.Debug|Any CPU.Build.0 = Debug|Any CPU
		{32AF8B9C-A3CC-4264-90B7-67B9BE6F943D}.Release|Any CPU.ActiveCfg = Release|Any CPU
		{32AF8B9C-A3CC-4264-90B7-67B9BE6F943D}.Release|Any CPU.Build.0 = Release|Any CPU
		{5BE4E850-84E3-4596-BFB7-9E04F17BCE91}.Debug|Any CPU.ActiveCfg = Debug|Any CPU
		{5BE4E850-84E3-4596-BFB7-9E04F17BCE91}.Debug|Any CPU.Build.0 = Debug|Any CPU
		{5BE4E850-84E3-4596-BFB7-9E04F17BCE91}.Release|Any CPU.ActiveCfg = Release|Any CPU
		{5BE4E850-84E3-4596-BFB7-9E04F17BCE91}.Release|Any CPU.Build.0 = Release|Any CPU
	EndGlobalSection
	GlobalSection(SolutionProperties) = preSolution
		HideSolutionNode = FALSE
	EndGlobalSection
	GlobalSection(ExtensibilityGlobals) = postSolution
		SolutionGuid = {C99CDEA2-886D-4DFD-8DC6-8335E0F2BDAA}
	EndGlobalSection
EndGlobal
